
Microsoft Visual Studio Solution File, Format Version 12.00
# Visual Studio Version 16
VisualStudioVersion = 16.0.29326.143
MinimumVisualStudioVersion = 10.0.40219.1
Project("{FAE04EC0-301F-11D3-BF4B-00C04F79EFBC}") = "P3_Lab8", "P3_Lab8\P3_Lab8.csproj", "{97845EAB-8F71-4D49-B9CA-09A9FCF309DA}"
EndProject
Global
	GlobalSection(SolutionConfigurationPlatforms) = preSolution
		Debug|Any CPU = Debug|Any CPU
		Release|Any CPU = Release|Any CPU
	EndGlobalSection
	GlobalSection(ProjectConfigurationPlatforms) = postSolution
		{97845EAB-8F71-4D49-B9CA-09A9FCF309DA}.Debug|Any CPU.ActiveCfg = Debug|Any CPU
		{97845EAB-8F71-4D49-B9CA-09A9FCF309DA}.Debug|Any CPU.Build.0 = Debug|Any CPU
		{97845EAB-8F71-4D49-B9CA-09A9FCF309DA}.Release|Any CPU.ActiveCfg = Release|Any CPU
		{97845EAB-8F71-4D49-B9CA-09A9FCF309DA}.Release|Any CPU.Build.0 = Release|Any CPU
	EndGlobalSection
	GlobalSection(SolutionProperties) = preSolution
		HideSolutionNode = FALSE
	EndGlobalSection
	GlobalSection(ExtensibilityGlobals) = postSolution
		SolutionGuid = {FBDCB13B-FAD5-4791-859D-0FF0290F87D1}
	EndGlobalSection
EndGlobal
